
Microsoft Visual Studio Solution File, Format Version 12.00
# Visual Studio Version 16
VisualStudioVersion = 16.0.29503.13
MinimumVisualStudioVersion = 10.0.40219.1
Project("{FAE04EC0-301F-11D3-BF4B-00C04F79EFBC}") = "ClassDescriber.Demo", "ClassDescriber.Demo\ClassDescriber.Demo.csproj", "{63DFC8AF-03C7-4EFD-BBC6-65A606C2B91D}"
EndProject
Project("{FAE04EC0-301F-11D3-BF4B-00C04F79EFBC}") = "ClassDescriber.Library", "ClassDescriber.Library\ClassDescriber.Library.csproj", "{EA7555C4-F926-4CAB-853E-83934FBA0645}"
EndProject
Project("{FAE04EC0-301F-11D3-BF4B-00C04F79EFBC}") = "ClassDescriber.Tests", "ClassDescriber.Tests\ClassDescriber.Tests.csproj", "{3E85BA09-A47D-478F-9240-FADFDE5EEC63}"
EndProject
Global
	GlobalSection(SolutionConfigurationPlatforms) = preSolution
		Debug|Any CPU = Debug|Any CPU
		Release|Any CPU = Release|Any CPU
	EndGlobalSection
	GlobalSection(ProjectConfigurationPlatforms) = postSolution
		{63DFC8AF-03C7-4EFD-BBC6-65A606C2B91D}.Debug|Any CPU.ActiveCfg = Debug|Any CPU
		{63DFC8AF-03C7-4EFD-BBC6-65A606C2B91D}.Debug|Any CPU.Build.0 = Debug|Any CPU
		{63DFC8AF-03C7-4EFD-BBC6-65A606C2B91D}.Release|Any CPU.ActiveCfg = Release|Any CPU
		{63DFC8AF-03C7-4EFD-BBC6-65A606C2B91D}.Release|Any CPU.Build.0 = Release|Any CPU
		{EA7555C4-F926-4CAB-853E-83934FBA0645}.Debug|Any CPU.ActiveCfg = Debug|Any CPU
		{EA7555C4-F926-4CAB-853E-83934FBA0645}.Debug|Any CPU.Build.0 = Debug|Any CPU
		{EA7555C4-F926-4CAB-853E-83934FBA0645}.Release|Any CPU.ActiveCfg = Release|Any CPU
		{EA7555C4-F926-4CAB-853E-83934FBA0645}.Release|Any CPU.Build.0 = Release|Any CPU
		{3E85BA09-A47D-478F-9240-FADFDE5EEC63}.Debug|Any CPU.ActiveCfg = Debug|Any CPU
		{3E85BA09-A47D-478F-9240-FADFDE5EEC63}.Debug|Any CPU.Build.0 = Debug|Any CPU
		{3E85BA09-A47D-478F-9240-FADFDE5EEC63}.Release|Any CPU.ActiveCfg = Release|Any CPU
		{3E85BA09-A47D-478F-9240-FADFDE5EEC63}.Release|Any CPU.Build.0 = Release|Any CPU
	EndGlobalSection
	GlobalSection(SolutionProperties) = preSolution
		HideSolutionNode = FALSE
	EndGlobalSection
	GlobalSection(ExtensibilityGlobals) = postSolution
		SolutionGuid = {5DD7B854-3665-4021-8DC6-B5A482F11EDD}
	EndGlobalSection
EndGlobal
